
Microsoft Visual Studio Solution File, Format Version 12.00
# Visual Studio Version 17
VisualStudioVersion = 17.8.34330.188
MinimumVisualStudioVersion = 10.0.40219.1
Project("{FAE04EC0-301F-11D3-BF4B-00C04F79EFBC}") = "SkylinesPlateau", "SkylinesPlateau\SkylinesPlateau.csproj", "{FC7BC991-7E2B-4DB2-B70A-8181EE7705F2}"
EndProject
Global
	GlobalSection(SolutionConfigurationPlatforms) = preSolution
		Debug|Any CPU = Debug|Any CPU
		Release|Any CPU = Release|Any CPU
	EndGlobalSection
	GlobalSection(ProjectConfigurationPlatforms) = postSolution
		{FC7BC991-7E2B-4DB2-B70A-8181EE7705F2}.Debug|Any CPU.ActiveCfg = Debug|Any CPU
		{FC7BC991-7E2B-4DB2-B70A-8181EE7705F2}.Release|Any CPU.ActiveCfg = Release|Any CPU
		{FC7BC991-7E2B-4DB2-B70A-8181EE7705F2}.Release|Any CPU.Build.0 = Release|Any CPU
	EndGlobalSection
	GlobalSection(SolutionProperties) = preSolution
		HideSolutionNode = FALSE
	EndGlobalSection
	GlobalSection(ExtensibilityGlobals) = postSolution
		SolutionGuid = {C72AB19E-3E31-49EE-BC43-6617AB397DA1}
	EndGlobalSection
EndGlobal
